// !$*UTF8*$!
{
	archiveVersion = 1;
	classes = {
	};
	objectVersion = 77;
	objects = {

/* Begin PBXBuildFile section */
		C570EB482CB153CA00FF9932 /* README.md in Resources */ = {isa = PBXBuildFile; fileRef = C570EB462CB153BE00FF9932 /* README.md */; };
		C570EB532CB15E1600FF9932 /* FirebaseAuth in Frameworks */ = {isa = PBXBuildFile; productRef = C570EB522CB15E1600FF9932 /* FirebaseAuth */; };
		C570EB552CB15E1600FF9932 /* FirebaseFirestore in Frameworks */ = {isa = PBXBuildFile; productRef = C570EB542CB15E1600FF9932 /* FirebaseFirestore */; };
		C570EB692CB184A600FF9932 /* FirebaseAuthCombine-Community in Frameworks */ = {isa = PBXBuildFile; productRef = C570EB682CB184A600FF9932 /* FirebaseAuthCombine-Community */; };
		C570EB6C2CB1850200FF9932 /* GoogleSignIn in Frameworks */ = {isa = PBXBuildFile; productRef = C570EB6B2CB1850200FF9932 /* GoogleSignIn */; };
		C570EB6E2CB1850200FF9932 /* GoogleSignInSwift in Frameworks */ = {isa = PBXBuildFile; productRef = C570EB6D2CB1850200FF9932 /* GoogleSignInSwift */; };
/* End PBXBuildFile section */

/* Begin PBXContainerItemProxy section */
		C570EB2A2CB1537E00FF9932 /* PBXContainerItemProxy */ = {
			isa = PBXContainerItemProxy;
			containerPortal = C570EB0C2CB1537C00FF9932 /* Project object */;
			proxyType = 1;
			remoteGlobalIDString = C570EB132CB1537C00FF9932;
			remoteInfo = Anivise;
		};
		C570EB342CB1537E00FF9932 /* PBXContainerItemProxy */ = {
			isa = PBXContainerItemProxy;
			containerPortal = C570EB0C2CB1537C00FF9932 /* Project object */;
			proxyType = 1;
			remoteGlobalIDString = C570EB132CB1537C00FF9932;
			remoteInfo = Anivise;
		};
/* End PBXContainerItemProxy section */

/* Begin PBXFileReference section */
		C570EB142CB1537C00FF9932 /* Anivise.app */ = {isa = PBXFileReference; explicitFileType = wrapper.application; includeInIndex = 0; path = Anivise.app; sourceTree = BUILT_PRODUCTS_DIR; };
		C570EB292CB1537E00FF9932 /* AniviseTests.xctest */ = {isa = PBXFileReference; explicitFileType = wrapper.cfbundle; includeInIndex = 0; path = AniviseTests.xctest; sourceTree = BUILT_PRODUCTS_DIR; };
		C570EB332CB1537E00FF9932 /* AniviseUITests.xctest */ = {isa = PBXFileReference; explicitFileType = wrapper.cfbundle; includeInIndex = 0; path = AniviseUITests.xctest; sourceTree = BUILT_PRODUCTS_DIR; };
		C570EB462CB153BE00FF9932 /* README.md */ = {isa = PBXFileReference; lastKnownFileType = net.daringfireball.markdown; path = README.md; sourceTree = "<group>"; };
/* End PBXFileReference section */

/* Begin PBXFileSystemSynchronizedBuildFileExceptionSet section */
		C570EB662CB17A3A00FF9932 /* Exceptions for "Anivise" folder in "Anivise" target */ = {
			isa = PBXFileSystemSynchronizedBuildFileExceptionSet;
			membershipExceptions = (
				Info.plist,
			);
			target = C570EB132CB1537C00FF9932 /* Anivise */;
		};
/* End PBXFileSystemSynchronizedBuildFileExceptionSet section */

/* Begin PBXFileSystemSynchronizedRootGroup section */
		C570EB162CB1537C00FF9932 /* Anivise */ = {
			isa = PBXFileSystemSynchronizedRootGroup;
			exceptions = (
				C570EB662CB17A3A00FF9932 /* Exceptions for "Anivise" folder in "Anivise" target */,
			);
			path = Anivise;
			sourceTree = "<group>";
		};
		C570EB2C2CB1537E00FF9932 /* AniviseTests */ = {
			isa = PBXFileSystemSynchronizedRootGroup;
			path = AniviseTests;
			sourceTree = "<group>";
		};
		C570EB362CB1537E00FF9932 /* AniviseUITests */ = {
			isa = PBXFileSystemSynchronizedRootGroup;
			path = AniviseUITests;
			sourceTree = "<group>";
		};
/* End PBXFileSystemSynchronizedRootGroup section */

/* Begin PBXFrameworksBuildPhase section */
		C570EB112CB1537C00FF9932 /* Frameworks */ = {
			isa = PBXFrameworksBuildPhase;
			buildActionMask = 2147483647;
			files = (
				C570EB6E2CB1850200FF9932 /* GoogleSignInSwift in Frameworks */,
				C570EB532CB15E1600FF9932 /* FirebaseAuth in Frameworks */,
				C570EB6C2CB1850200FF9932 /* GoogleSignIn in Frameworks */,
				C570EB692CB184A600FF9932 /* FirebaseAuthCombine-Community in Frameworks */,
				C570EB552CB15E1600FF9932 /* FirebaseFirestore in Frameworks */,
			);
			runOnlyForDeploymentPostprocessing = 0;
		};
		C570EB262CB1537E00FF9932 /* Frameworks */ = {
			isa = PBXFrameworksBuildPhase;
			buildActionMask = 2147483647;
			files = (
			);
			runOnlyForDeploymentPostprocessing = 0;
		};
		C570EB302CB1537E00FF9932 /* Frameworks */ = {
			isa = PBXFrameworksBuildPhase;
			buildActionMask = 2147483647;
			files = (
			);
			runOnlyForDeploymentPostprocessing = 0;
		};
/* End PBXFrameworksBuildPhase section */

/* Begin PBXGroup section */
		C570EB0B2CB1537C00FF9932 = {
			isa = PBXGroup;
			children = (
				C570EB462CB153BE00FF9932 /* README.md */,
				C570EB162CB1537C00FF9932 /* Anivise */,
				C570EB2C2CB1537E00FF9932 /* AniviseTests */,
				C570EB362CB1537E00FF9932 /* AniviseUITests */,
				C570EB672CB184A600FF9932 /* Frameworks */,
				C570EB152CB1537C00FF9932 /* Products */,
			);
			sourceTree = "<group>";
		};
		C570EB152CB1537C00FF9932 /* Products */ = {
			isa = PBXGroup;
			children = (
				C570EB142CB1537C00FF9932 /* Anivise.app */,
				C570EB292CB1537E00FF9932 /* AniviseTests.xctest */,
				C570EB332CB1537E00FF9932 /* AniviseUITests.xctest */,
			);
			name = Products;
			sourceTree = "<group>";
		};
		C570EB672CB184A600FF9932 /* Frameworks */ = {
			isa = PBXGroup;
			children = (
			);
			name = Frameworks;
			sourceTree = "<group>";
		};
/* End PBXGroup section */

/* Begin PBXNativeTarget section */
		C570EB132CB1537C00FF9932 /* Anivise */ = {
			isa = PBXNativeTarget;
			buildConfigurationList = C570EB3D2CB1537E00FF9932 /* Build configuration list for PBXNativeTarget "Anivise" */;
			buildPhases = (
				C570EB102CB1537C00FF9932 /* Sources */,
				C570EB112CB1537C00FF9932 /* Frameworks */,
				C570EB122CB1537C00FF9932 /* Resources */,
			);
			buildRules = (
			);
			dependencies = (
			);
			fileSystemSynchronizedGroups = (
				C570EB162CB1537C00FF9932 /* Anivise */,
			);
			name = Anivise;
			packageProductDependencies = (
				C570EB522CB15E1600FF9932 /* FirebaseAuth */,
				C570EB542CB15E1600FF9932 /* FirebaseFirestore */,
				C570EB682CB184A600FF9932 /* FirebaseAuthCombine-Community */,
				C570EB6B2CB1850200FF9932 /* GoogleSignIn */,
				C570EB6D2CB1850200FF9932 /* GoogleSignInSwift */,
			);
			productName = Anivise;
			productReference = C570EB142CB1537C00FF9932 /* Anivise.app */;
			productType = "com.apple.product-type.application";
		};
		C570EB282CB1537E00FF9932 /* AniviseTests */ = {
			isa = PBXNativeTarget;
			buildConfigurationList = C570EB402CB1537E00FF9932 /* Build configuration list for PBXNativeTarget "AniviseTests" */;
			buildPhases = (
				C570EB252CB1537E00FF9932 /* Sources */,
				C570EB262CB1537E00FF9932 /* Frameworks */,
				C570EB272CB1537E00FF9932 /* Resources */,
			);
			buildRules = (
			);
			dependencies = (
				C570EB2B2CB1537E00FF9932 /* PBXTargetDependency */,
			);
			fileSystemSynchronizedGroups = (
				C570EB2C2CB1537E00FF9932 /* AniviseTests */,
			);
			name = AniviseTests;
			packageProductDependencies = (
			);
			productName = AniviseTests;
			productReference = C570EB292CB1537E00FF9932 /* AniviseTests.xctest */;
			productType = "com.apple.product-type.bundle.unit-test";
		};
		C570EB322CB1537E00FF9932 /* AniviseUITests */ = {
			isa = PBXNativeTarget;
			buildConfigurationList = C570EB432CB1537E00FF9932 /* Build configuration list for PBXNativeTarget "AniviseUITests" */;
			buildPhases = (
				C570EB2F2CB1537E00FF9932 /* Sources */,
				C570EB302CB1537E00FF9932 /* Frameworks */,
				C570EB312CB1537E00FF9932 /* Resources */,
			);
			buildRules = (
			);
			dependencies = (
				C570EB352CB1537E00FF9932 /* PBXTargetDependency */,
			);
			fileSystemSynchronizedGroups = (
				C570EB362CB1537E00FF9932 /* AniviseUITests */,
			);
			name = AniviseUITests;
			packageProductDependencies = (
			);
			productName = AniviseUITests;
			productReference = C570EB332CB1537E00FF9932 /* AniviseUITests.xctest */;
			productType = "com.apple.product-type.bundle.ui-testing";
		};
/* End PBXNativeTarget section */

/* Begin PBXProject section */
		C570EB0C2CB1537C00FF9932 /* Project object */ = {
			isa = PBXProject;
			attributes = {
				BuildIndependentTargetsInParallel = 1;
				LastSwiftUpdateCheck = 1600;
				LastUpgradeCheck = 1600;
				TargetAttributes = {
					C570EB132CB1537C00FF9932 = {
						CreatedOnToolsVersion = 16.0;
					};
					C570EB282CB1537E00FF9932 = {
						CreatedOnToolsVersion = 16.0;
						TestTargetID = C570EB132CB1537C00FF9932;
					};
					C570EB322CB1537E00FF9932 = {
						CreatedOnToolsVersion = 16.0;
						TestTargetID = C570EB132CB1537C00FF9932;
					};
				};
			};
			buildConfigurationList = C570EB0F2CB1537C00FF9932 /* Build configuration list for PBXProject "Anivise" */;
			developmentRegion = en;
			hasScannedForEncodings = 0;
			knownRegions = (
				en,
				Base,
			);
			mainGroup = C570EB0B2CB1537C00FF9932;
			minimizedProjectReferenceProxies = 1;
			packageReferences = (
				C570EB512CB15E1600FF9932 /* XCRemoteSwiftPackageReference "firebase-ios-sdk" */,
				C570EB6A2CB1850200FF9932 /* XCRemoteSwiftPackageReference "GoogleSignIn-iOS" */,
			);
			preferredProjectObjectVersion = 77;
			productRefGroup = C570EB152CB1537C00FF9932 /* Products */;
			projectDirPath = "";
			projectRoot = "";
			targets = (
				C570EB132CB1537C00FF9932 /* Anivise */,
				C570EB282CB1537E00FF9932 /* AniviseTests */,
				C570EB322CB1537E00FF9932 /* AniviseUITests */,
			);
		};
/* End PBXProject section */

/* Begin PBXResourcesBuildPhase section */
		C570EB122CB1537C00FF9932 /* Resources */ = {
			isa = PBXResourcesBuildPhase;
			buildActionMask = 2147483647;
			files = (
				C570EB482CB153CA00FF9932 /* README.md in Resources */,
			);
			runOnlyForDeploymentPostprocessing = 0;
		};
		C570EB272CB1537E00FF9932 /* Resources */ = {
			isa = PBXResourcesBuildPhase;
			buildActionMask = 2147483647;
			files = (
			);
			runOnlyForDeploymentPostprocessing = 0;
		};
		C570EB312CB1537E00FF9932 /* Resources */ = {
			isa = PBXResourcesBuildPhase;
			buildActionMask = 2147483647;
			files = (
			);
			runOnlyForDeploymentPostprocessing = 0;
		};
/* End PBXResourcesBuildPhase section */

/* Begin PBXSourcesBuildPhase section */
		C570EB102CB1537C00FF9932 /* Sources */ = {
			isa = PBXSourcesBuildPhase;
			buildActionMask = 2147483647;
			files = (
			);
			runOnlyForDeploymentPostprocessing = 0;
		};
		C570EB252CB1537E00FF9932 /* Sources */ = {
			isa = PBXSourcesBuildPhase;
			buildActionMask = 2147483647;
			files = (
			);
			runOnlyForDeploymentPostprocessing = 0;
		};
		C570EB2F2CB1537E00FF9932 /* Sources */ = {
			isa = PBXSourcesBuildPhase;
			buildActionMask = 2147483647;
			files = (
			);
			runOnlyForDeploymentPostprocessing = 0;
		};
/* End PBXSourcesBuildPhase section */

/* Begin PBXTargetDependency section */
		C570EB2B2CB1537E00FF9932 /* PBXTargetDependency */ = {
			isa = PBXTargetDependency;
			target = C570EB132CB1537C00FF9932 /* Anivise */;
			targetProxy = C570EB2A2CB1537E00FF9932 /* PBXContainerItemProxy */;
		};
		C570EB352CB1537E00FF9932 /* PBXTargetDependency */ = {
			isa = PBXTargetDependency;
			target = C570EB132CB1537C00FF9932 /* Anivise */;
			targetProxy = C570EB342CB1537E00FF9932 /* PBXContainerItemProxy */;
		};
/* End PBXTargetDependency section */

/* Begin XCBuildConfiguration section */
		C570EB3B2CB1537E00FF9932 /* Debug */ = {
			isa = XCBuildConfiguration;
			buildSettings = {
				ALWAYS_SEARCH_USER_PATHS = NO;
				ASSETCATALOG_COMPILER_GENERATE_SWIFT_ASSET_SYMBOL_EXTENSIONS = YES;
				CLANG_ANALYZER_NONNULL = YES;
				CLANG_ANALYZER_NUMBER_OBJECT_CONVERSION = YES_AGGRESSIVE;
				CLANG_CXX_LANGUAGE_STANDARD = "gnu++20";
				CLANG_ENABLE_MODULES = YES;
				CLANG_ENABLE_OBJC_ARC = YES;
				CLANG_ENABLE_OBJC_WEAK = YES;
				CLANG_WARN_BLOCK_CAPTURE_AUTORELEASING = YES;
				CLANG_WARN_BOOL_CONVERSION = YES;
				CLANG_WARN_COMMA = YES;
				CLANG_WARN_CONSTANT_CONVERSION = YES;
				CLANG_WARN_DEPRECATED_OBJC_IMPLEMENTATIONS = YES;
				CLANG_WARN_DIRECT_OBJC_ISA_USAGE = YES_ERROR;
				CLANG_WARN_DOCUMENTATION_COMMENTS = YES;
				CLANG_WARN_EMPTY_BODY = YES;
				CLANG_WARN_ENUM_CONVERSION = YES;
				CLANG_WARN_INFINITE_RECURSION = YES;
				CLANG_WARN_INT_CONVERSION = YES;
				CLANG_WARN_NON_LITERAL_NULL_CONVERSION = YES;
				CLANG_WARN_OBJC_IMPLICIT_RETAIN_SELF = YES;
				CLANG_WARN_OBJC_LITERAL_CONVERSION = YES;
				CLANG_WARN_OBJC_ROOT_CLASS = YES_ERROR;
				CLANG_WARN_QUOTED_INCLUDE_IN_FRAMEWORK_HEADER = YES;
				CLANG_WARN_RANGE_LOOP_ANALYSIS = YES;
				CLANG_WARN_STRICT_PROTOTYPES = YES;
				CLANG_WARN_SUSPICIOUS_MOVE = YES;
				CLANG_WARN_UNGUARDED_AVAILABILITY = YES_AGGRESSIVE;
				CLANG_WARN_UNREACHABLE_CODE = YES;
				CLANG_WARN__DUPLICATE_METHOD_MATCH = YES;
				COPY_PHASE_STRIP = NO;
				DEBUG_INFORMATION_FORMAT = dwarf;
				ENABLE_STRICT_OBJC_MSGSEND = YES;
				ENABLE_TESTABILITY = YES;
				ENABLE_USER_SCRIPT_SANDBOXING = YES;
				GCC_C_LANGUAGE_STANDARD = gnu17;
				GCC_DYNAMIC_NO_PIC = NO;
				GCC_NO_COMMON_BLOCKS = YES;
				GCC_OPTIMIZATION_LEVEL = 0;
				GCC_PREPROCESSOR_DEFINITIONS = (
					"DEBUG=1",
					"$(inherited)",
				);
				GCC_WARN_64_TO_32_BIT_CONVERSION = YES;
				GCC_WARN_ABOUT_RETURN_TYPE = YES_ERROR;
				GCC_WARN_UNDECLARED_SELECTOR = YES;
				GCC_WARN_UNINITIALIZED_AUTOS = YES_AGGRESSIVE;
				GCC_WARN_UNUSED_FUNCTION = YES;
				GCC_WARN_UNUSED_VARIABLE = YES;
				IPHONEOS_DEPLOYMENT_TARGET = 18.0;
				LOCALIZATION_PREFERS_STRING_CATALOGS = YES;
				MTL_ENABLE_DEBUG_INFO = INCLUDE_SOURCE;
				MTL_FAST_MATH = YES;
				ONLY_ACTIVE_ARCH = YES;
				SDKROOT = iphoneos;
				SWIFT_ACTIVE_COMPILATION_CONDITIONS = "DEBUG $(inherited)";
				SWIFT_OPTIMIZATION_LEVEL = "-Onone";
			};
			name = Debug;
		};
		C570EB3C2CB1537E00FF9932 /* Release */ = {
			isa = XCBuildConfiguration;
			buildSettings = {
				ALWAYS_SEARCH_USER_PATHS = NO;
				ASSETCATALOG_COMPILER_GENERATE_SWIFT_ASSET_SYMBOL_EXTENSIONS = YES;
				CLANG_ANALYZER_NONNULL = YES;
				CLANG_ANALYZER_NUMBER_OBJECT_CONVERSION = YES_AGGRESSIVE;
				CLANG_CXX_LANGUAGE_STANDARD = "gnu++20";
				CLANG_ENABLE_MODULES = YES;
				CLANG_ENABLE_OBJC_ARC = YES;
				CLANG_ENABLE_OBJC_WEAK = YES;
				CLANG_WARN_BLOCK_CAPTURE_AUTORELEASING = YES;
				CLANG_WARN_BOOL_CONVERSION = YES;
				CLANG_WARN_COMMA = YES;
				CLANG_WARN_CONSTANT_CONVERSION = YES;
				CLANG_WARN_DEPRECATED_OBJC_IMPLEMENTATIONS = YES;
				CLANG_WARN_DIRECT_OBJC_ISA_USAGE = YES_ERROR;
				CLANG_WARN_DOCUMENTATION_COMMENTS = YES;
				CLANG_WARN_EMPTY_BODY = YES;
				CLANG_WARN_ENUM_CONVERSION = YES;
				CLANG_WARN_INFINITE_RECURSION = YES;
				CLANG_WARN_INT_CONVERSION = YES;
				CLANG_WARN_NON_LITERAL_NULL_CONVERSION = YES;
				CLANG_WARN_OBJC_IMPLICIT_RETAIN_SELF = YES;
				CLANG_WARN_OBJC_LITERAL_CONVERSION = YES;
				CLANG_WARN_OBJC_ROOT_CLASS = YES_ERROR;
				CLANG_WARN_QUOTED_INCLUDE_IN_FRAMEWORK_HEADER = YES;
				CLANG_WARN_RANGE_LOOP_ANALYSIS = YES;
				CLANG_WARN_STRICT_PROTOTYPES = YES;
				CLANG_WARN_SUSPICIOUS_MOVE = YES;
				CLANG_WARN_UNGUARDED_AVAILABILITY = YES_AGGRESSIVE;
				CLANG_WARN_UNREACHABLE_CODE = YES;
				CLANG_WARN__DUPLICATE_METHOD_MATCH = YES;
				COPY_PHASE_STRIP = NO;
				DEBUG_INFORMATION_FORMAT = "dwarf-with-dsym";
				ENABLE_NS_ASSERTIONS = NO;
				ENABLE_STRICT_OBJC_MSGSEND = YES;
				ENABLE_USER_SCRIPT_SANDBOXING = YES;
				GCC_C_LANGUAGE_STANDARD = gnu17;
				GCC_NO_COMMON_BLOCKS = YES;
				GCC_WARN_64_TO_32_BIT_CONVERSION = YES;
				GCC_WARN_ABOUT_RETURN_TYPE = YES_ERROR;
				GCC_WARN_UNDECLARED_SELECTOR = YES;
				GCC_WARN_UNINITIALIZED_AUTOS = YES_AGGRESSIVE;
				GCC_WARN_UNUSED_FUNCTION = YES;
				GCC_WARN_UNUSED_VARIABLE = YES;
				IPHONEOS_DEPLOYMENT_TARGET = 18.0;
				LOCALIZATION_PREFERS_STRING_CATALOGS = YES;
				MTL_ENABLE_DEBUG_INFO = NO;
				MTL_FAST_MATH = YES;
				SDKROOT = iphoneos;
				SWIFT_COMPILATION_MODE = wholemodule;
				VALIDATE_PRODUCT = YES;
			};
			name = Release;
		};
		C570EB3E2CB1537E00FF9932 /* Debug */ = {
			isa = XCBuildConfiguration;
			buildSettings = {
				ASSETCATALOG_COMPILER_APPICON_NAME = AppIcon;
				ASSETCATALOG_COMPILER_GLOBAL_ACCENT_COLOR_NAME = AccentColor;
				CODE_SIGN_STYLE = Automatic;
				CURRENT_PROJECT_VERSION = 1;
				DEVELOPMENT_ASSET_PATHS = "\"Anivise/Preview Content\"";
				DEVELOPMENT_TEAM = 4YQ66K5T88;
				ENABLE_PREVIEWS = YES;
				GENERATE_INFOPLIST_FILE = YES;
				INFOPLIST_FILE = Anivise/Info.plist;
				INFOPLIST_KEY_UIApplicationSceneManifest_Generation = YES;
				INFOPLIST_KEY_UIApplicationSupportsIndirectInputEvents = YES;
				INFOPLIST_KEY_UILaunchScreen_Generation = YES;
				INFOPLIST_KEY_UIStatusBarHidden = NO;
				INFOPLIST_KEY_UIStatusBarStyle = "";
				INFOPLIST_KEY_UISupportedInterfaceOrientations = "UIInterfaceOrientationLandscapeLeft UIInterfaceOrientationLandscapeRight UIInterfaceOrientationPortrait";
				INFOPLIST_KEY_UISupportedInterfaceOrientations_iPad = "UIInterfaceOrientationLandscapeLeft UIInterfaceOrientationLandscapeRight UIInterfaceOrientationPortrait UIInterfaceOrientationPortraitUpsideDown";
				LD_RUNPATH_SEARCH_PATHS = (
					"$(inherited)",
					"@executable_path/Frameworks",
				);
				MARKETING_VERSION = 1.0;
				PRODUCT_BUNDLE_IDENTIFIER = au.quang.Anivise;
				PRODUCT_NAME = "$(TARGET_NAME)";
				SWIFT_EMIT_LOC_STRINGS = YES;
				SWIFT_VERSION = 5.0;
				TARGETED_DEVICE_FAMILY = "1,2";
			};
			name = Debug;
		};
		C570EB3F2CB1537E00FF9932 /* Release */ = {
			isa = XCBuildConfiguration;
			buildSettings = {
				ASSETCATALOG_COMPILER_APPICON_NAME = AppIcon;
				ASSETCATALOG_COMPILER_GLOBAL_ACCENT_COLOR_NAME = AccentColor;
				CODE_SIGN_STYLE = Automatic;
				CURRENT_PROJECT_VERSION = 1;
				DEVELOPMENT_ASSET_PATHS = "\"Anivise/Preview Content\"";
				DEVELOPMENT_TEAM = 4YQ66K5T88;
				ENABLE_PREVIEWS = YES;
				GENERATE_INFOPLIST_FILE = YES;
				INFOPLIST_FILE = Anivise/Info.plist;
				INFOPLIST_KEY_UIApplicationSceneManifest_Generation = YES;
				INFOPLIST_KEY_UIApplicationSupportsIndirectInputEvents = YES;
				INFOPLIST_KEY_UILaunchScreen_Generation = YES;
				INFOPLIST_KEY_UIStatusBarHidden = NO;
				INFOPLIST_KEY_UIStatusBarStyle = "";
				INFOPLIST_KEY_UISupportedInterfaceOrientations = "UIInterfaceOrientationLandscapeLeft UIInterfaceOrientationLandscapeRight UIInterfaceOrientationPortrait";
				INFOPLIST_KEY_UISupportedInterfaceOrientations_iPad = "UIInterfaceOrientationLandscapeLeft UIInterfaceOrientationLandscapeRight UIInterfaceOrientationPortrait UIInterfaceOrientationPortraitUpsideDown";
				LD_RUNPATH_SEARCH_PATHS = (
					"$(inherited)",
					"@executable_path/Frameworks",
				);
				MARKETING_VERSION = 1.0;
				PRODUCT_BUNDLE_IDENTIFIER = au.quang.Anivise;
				PRODUCT_NAME = "$(TARGET_NAME)";
				SWIFT_EMIT_LOC_STRINGS = YES;
				SWIFT_VERSION = 5.0;
				TARGETED_DEVICE_FAMILY = "1,2";
			};
			name = Release;
		};
		C570EB412CB1537E00FF9932 /* Debug */ = {
			isa = XCBuildConfiguration;
			buildSettings = {
				BUNDLE_LOADER = "$(TEST_HOST)";
				CODE_SIGN_STYLE = Automatic;
				CURRENT_PROJECT_VERSION = 1;
				DEVELOPMENT_TEAM = 4YQ66K5T88;
				GENERATE_INFOPLIST_FILE = YES;
				IPHONEOS_DEPLOYMENT_TARGET = 18.0;
				MARKETING_VERSION = 1.0;
				PRODUCT_BUNDLE_IDENTIFIER = au.quang.AniviseTests;
				PRODUCT_NAME = "$(TARGET_NAME)";
				SWIFT_EMIT_LOC_STRINGS = NO;
				SWIFT_VERSION = 5.0;
				TARGETED_DEVICE_FAMILY = "1,2";
				TEST_HOST = "$(BUILT_PRODUCTS_DIR)/Anivise.app/$(BUNDLE_EXECUTABLE_FOLDER_PATH)/Anivise";
			};
			name = Debug;
		};
		C570EB422CB1537E00FF9932 /* Release */ = {
			isa = XCBuildConfiguration;
			buildSettings = {
				BUNDLE_LOADER = "$(TEST_HOST)";
				CODE_SIGN_STYLE = Automatic;
				CURRENT_PROJECT_VERSION = 1;
				DEVELOPMENT_TEAM = 4YQ66K5T88;
				GENERATE_INFOPLIST_FILE = YES;
				IPHONEOS_DEPLOYMENT_TARGET = 18.0;
				MARKETING_VERSION = 1.0;
				PRODUCT_BUNDLE_IDENTIFIER = au.quang.AniviseTests;
				PRODUCT_NAME = "$(TARGET_NAME)";
				SWIFT_EMIT_LOC_STRINGS = NO;
				SWIFT_VERSION = 5.0;
				TARGETED_DEVICE_FAMILY = "1,2";
				TEST_HOST = "$(BUILT_PRODUCTS_DIR)/Anivise.app/$(BUNDLE_EXECUTABLE_FOLDER_PATH)/Anivise";
			};
			name = Release;
		};
		C570EB442CB1537E00FF9932 /* Debug */ = {
			isa = XCBuildConfiguration;
			buildSettings = {
				CODE_SIGN_STYLE = Automatic;
				CURRENT_PROJECT_VERSION = 1;
				DEVELOPMENT_TEAM = 4YQ66K5T88;
				GENERATE_INFOPLIST_FILE = YES;
				MARKETING_VERSION = 1.0;
				PRODUCT_BUNDLE_IDENTIFIER = au.quang.AniviseUITests;
				PRODUCT_NAME = "$(TARGET_NAME)";
				SWIFT_EMIT_LOC_STRINGS = NO;
				SWIFT_VERSION = 5.0;
				TARGETED_DEVICE_FAMILY = "1,2";
				TEST_TARGET_NAME = Anivise;
			};
			name = Debug;
		};
		C570EB452CB1537E00FF9932 /* Release */ = {
			isa = XCBuildConfiguration;
			buildSettings = {
				CODE_SIGN_STYLE = Automatic;
				CURRENT_PROJECT_VERSION = 1;
				DEVELOPMENT_TEAM = 4YQ66K5T88;
				GENERATE_INFOPLIST_FILE = YES;
				MARKETING_VERSION = 1.0;
				PRODUCT_BUNDLE_IDENTIFIER = au.quang.AniviseUITests;
				PRODUCT_NAME = "$(TARGET_NAME)";
				SWIFT_EMIT_LOC_STRINGS = NO;
				SWIFT_VERSION = 5.0;
				TARGETED_DEVICE_FAMILY = "1,2";
				TEST_TARGET_NAME = Anivise;
			};
			name = Release;
		};
/* End XCBuildConfiguration section */

/* Begin XCConfigurationList section */
		C570EB0F2CB1537C00FF9932 /* Build configuration list for PBXProject "Anivise" */ = {
			isa = XCConfigurationList;
			buildConfigurations = (
				C570EB3B2CB1537E00FF9932 /* Debug */,
				C570EB3C2CB1537E00FF9932 /* Release */,
			);
			defaultConfigurationIsVisible = 0;
			defaultConfigurationName = Release;
		};
		C570EB3D2CB1537E00FF9932 /* Build configuration list for PBXNativeTarget "Anivise" */ = {
			isa = XCConfigurationList;
			buildConfigurations = (
				C570EB3E2CB1537E00FF9932 /* Debug */,
				C570EB3F2CB1537E00FF9932 /* Release */,
			);
			defaultConfigurationIsVisible = 0;
			defaultConfigurationName = Release;
		};
		C570EB402CB1537E00FF9932 /* Build configuration list for PBXNativeTarget "AniviseTests" */ = {
			isa = XCConfigurationList;
			buildConfigurations = (
				C570EB412CB1537E00FF9932 /* Debug */,
				C570EB422CB1537E00FF9932 /* Release */,
			);
			defaultConfigurationIsVisible = 0;
			defaultConfigurationName = Release;
		};
		C570EB432CB1537E00FF9932 /* Build configuration list for PBXNativeTarget "AniviseUITests" */ = {
			isa = XCConfigurationList;
			buildConfigurations = (
				C570EB442CB1537E00FF9932 /* Debug */,
				C570EB452CB1537E00FF9932 /* Release */,
			);
			defaultConfigurationIsVisible = 0;
			defaultConfigurationName = Release;
		};
/* End XCConfigurationList section */

/* Begin XCRemoteSwiftPackageReference section */
		C570EB512CB15E1600FF9932 /* XCRemoteSwiftPackageReference "firebase-ios-sdk" */ = {
			isa = XCRemoteSwiftPackageReference;
			repositoryURL = "https://github.com/firebase/firebase-ios-sdk";
			requirement = {
				kind = upToNextMajorVersion;
				minimumVersion = 11.3.0;
			};
		};
		C570EB6A2CB1850200FF9932 /* XCRemoteSwiftPackageReference "GoogleSignIn-iOS" */ = {
			isa = XCRemoteSwiftPackageReference;
			repositoryURL = "https://github.com/google/GoogleSignIn-iOS";
			requirement = {
				kind = upToNextMajorVersion;
				minimumVersion = 8.0.0;
			};
		};
/* End XCRemoteSwiftPackageReference section */

/* Begin XCSwiftPackageProductDependency section */
		C570EB522CB15E1600FF9932 /* FirebaseAuth */ = {
			isa = XCSwiftPackageProductDependency;
			package = C570EB512CB15E1600FF9932 /* XCRemoteSwiftPackageReference "firebase-ios-sdk" */;
			productName = FirebaseAuth;
		};
		C570EB542CB15E1600FF9932 /* FirebaseFirestore */ = {
			isa = XCSwiftPackageProductDependency;
			package = C570EB512CB15E1600FF9932 /* XCRemoteSwiftPackageReference "firebase-ios-sdk" */;
			productName = FirebaseFirestore;
		};
		C570EB682CB184A600FF9932 /* FirebaseAuthCombine-Community */ = {
			isa = XCSwiftPackageProductDependency;
			package = C570EB512CB15E1600FF9932 /* XCRemoteSwiftPackageReference "firebase-ios-sdk" */;
			productName = "FirebaseAuthCombine-Community";
		};
		C570EB6B2CB1850200FF9932 /* GoogleSignIn */ = {
			isa = XCSwiftPackageProductDependency;
			package = C570EB6A2CB1850200FF9932 /* XCRemoteSwiftPackageReference "GoogleSignIn-iOS" */;
			productName = GoogleSignIn;
		};
		C570EB6D2CB1850200FF9932 /* GoogleSignInSwift */ = {
			isa = XCSwiftPackageProductDependency;
			package = C570EB6A2CB1850200FF9932 /* XCRemoteSwiftPackageReference "GoogleSignIn-iOS" */;
			productName = GoogleSignInSwift;
		};
/* End XCSwiftPackageProductDependency section */
	};
	rootObject = C570EB0C2CB1537C00FF9932 /* Project object */;
}
